
Microsoft Visual Studio Solution File, Format Version 12.00
# Visual Studio Version 16
VisualStudioVersion = 16.0.31019.35
MinimumVisualStudioVersion = 10.0.40219.1
Project("{FAE04EC0-301F-11D3-BF4B-00C04F79EFBC}") = "DB.Unpacker", "DB.Unpacker\DB.Unpacker.csproj", "{7A03FE9C-7DCC-408E-B9B1-202CDF7A2765}"
EndProject
Global
	GlobalSection(SolutionConfigurationPlatforms) = preSolution
		Debug|Any CPU = Debug|Any CPU
		Release|Any CPU = Release|Any CPU
	EndGlobalSection
	GlobalSection(ProjectConfigurationPlatforms) = postSolution
		{7A03FE9C-7DCC-408E-B9B1-202CDF7A2765}.Debug|Any CPU.ActiveCfg = Debug|Any CPU
		{7A03FE9C-7DCC-408E-B9B1-202CDF7A2765}.Debug|Any CPU.Build.0 = Debug|Any CPU
		{7A03FE9C-7DCC-408E-B9B1-202CDF7A2765}.Release|Any CPU.ActiveCfg = Release|Any CPU
		{7A03FE9C-7DCC-408E-B9B1-202CDF7A2765}.Release|Any CPU.Build.0 = Release|Any CPU
	EndGlobalSection
	GlobalSection(SolutionProperties) = preSolution
		HideSolutionNode = FALSE
	EndGlobalSection
	GlobalSection(ExtensibilityGlobals) = postSolution
		SolutionGuid = {5B591750-54BB-4FC8-925E-88606BA6ADC1}
	EndGlobalSection
EndGlobal
